
Microsoft Visual Studio Solution File, Format Version 12.00
# Visual Studio Version 17
VisualStudioVersion = 17.11.35327.3
MinimumVisualStudioVersion = 10.0.40219.1
Project("{2150E333-8FDC-42A3-9474-1A3956D46DE8}") = "Core", "Core", "{A2BB4025-F9F4-4D4D-829B-90780274BE24}"
EndProject
Project("{2150E333-8FDC-42A3-9474-1A3956D46DE8}") = "Infrastructure", "Infrastructure", "{279A2391-B557-43A1-B086-18658D11EB3C}"
EndProject
Project("{2150E333-8FDC-42A3-9474-1A3956D46DE8}") = "Presentation", "Presentation", "{59141E9B-CBBB-4C0B-BC32-1BB0B2B7D571}"
EndProject
Project("{9A19103F-16F7-4668-BE54-9A1E7A4F7556}") = "Interkom.Core.Application", "Core\Interkom.Core.Application\Interkom.Core.Application.csproj", "{882C72D5-9A04-4EDE-BC6D-BA9294D4DCF5}"
EndProject
Project("{9A19103F-16F7-4668-BE54-9A1E7A4F7556}") = "Interkom.Core.Domain", "Core\Interkom.Core.Domain\Interkom.Core.Domain.csproj", "{D41990DD-CF7A-4C22-AE02-81DAC073D35C}"
EndProject
Project("{9A19103F-16F7-4668-BE54-9A1E7A4F7556}") = "Interkom.Infrastructure.Infrastructure", "Infrastructure\Interkom.Infrastructure.Infrastructure\Interkom.Infrastructure.Infrastructure.csproj", "{47BA8FB7-9BA5-4B91-9D7B-D6BA2758B630}"
EndProject
Project("{9A19103F-16F7-4668-BE54-9A1E7A4F7556}") = "Interkom.Infrastructure.Persistence", "Infrastructure\Interkom.Infrastructure.Persistence\Interkom.Infrastructure.Persistence.csproj", "{E1C67891-C1C8-4E8E-B747-4E191436360E}"
EndProject
Project("{9A19103F-16F7-4668-BE54-9A1E7A4F7556}") = "Interkom.Presentation.WebAPI", "Presentation\Interkom.Presentation.WebAPI\Interkom.Presentation.WebAPI.csproj", "{5C144C61-1E07-4F45-9F2C-6846100EAD82}"
EndProject
Project("{FAE04EC0-301F-11D3-BF4B-00C04F79EFBC}") = "Interkom.Presentation.MVC", "Presentation\Interkom.Presentation.MVC\Interkom.Presentation.MVC.csproj", "{6314810B-AF5C-4909-A46C-1CE270CCFA97}"
EndProject
Global
	GlobalSection(SolutionConfigurationPlatforms) = preSolution
		Debug|Any CPU = Debug|Any CPU
		Release|Any CPU = Release|Any CPU
	EndGlobalSection
	GlobalSection(ProjectConfigurationPlatforms) = postSolution
		{882C72D5-9A04-4EDE-BC6D-BA9294D4DCF5}.Debug|Any CPU.ActiveCfg = Debug|Any CPU
		{882C72D5-9A04-4EDE-BC6D-BA9294D4DCF5}.Debug|Any CPU.Build.0 = Debug|Any CPU
		{882C72D5-9A04-4EDE-BC6D-BA9294D4DCF5}.Release|Any CPU.ActiveCfg = Release|Any CPU
		{882C72D5-9A04-4EDE-BC6D-BA9294D4DCF5}.Release|Any CPU.Build.0 = Release|Any CPU
		{D41990DD-CF7A-4C22-AE02-81DAC073D35C}.Debug|Any CPU.ActiveCfg = Debug|Any CPU
		{D41990DD-CF7A-4C22-AE02-81DAC073D35C}.Debug|Any CPU.Build.0 = Debug|Any CPU
		{D41990DD-CF7A-4C22-AE02-81DAC073D35C}.Release|Any CPU.ActiveCfg = Release|Any CPU
		{D41990DD-CF7A-4C22-AE02-81DAC073D35C}.Release|Any CPU.Build.0 = Release|Any CPU
		{47BA8FB7-9BA5-4B91-9D7B-D6BA2758B630}.Debug|Any CPU.ActiveCfg = Debug|Any CPU
		{47BA8FB7-9BA5-4B91-9D7B-D6BA2758B630}.Debug|Any CPU.Build.0 = Debug|Any CPU
		{47BA8FB7-9BA5-4B91-9D7B-D6BA2758B630}.Release|Any CPU.ActiveCfg = Release|Any CPU
		{47BA8FB7-9BA5-4B91-9D7B-D6BA2758B630}.Release|Any CPU.Build.0 = Release|Any CPU
		{E1C67891-C1C8-4E8E-B747-4E191436360E}.Debug|Any CPU.ActiveCfg = Debug|Any CPU
		{E1C67891-C1C8-4E8E-B747-4E191436360E}.Debug|Any CPU.Build.0 = Debug|Any CPU
		{E1C67891-C1C8-4E8E-B747-4E191436360E}.Release|Any CPU.ActiveCfg = Release|Any CPU
		{E1C67891-C1C8-4E8E-B747-4E191436360E}.Release|Any CPU.Build.0 = Release|Any CPU
		{5C144C61-1E07-4F45-9F2C-6846100EAD82}.Debug|Any CPU.ActiveCfg = Debug|Any CPU
		{5C144C61-1E07-4F45-9F2C-6846100EAD82}.Debug|Any CPU.Build.0 = Debug|Any CPU
		{5C144C61-1E07-4F45-9F2C-6846100EAD82}.Release|Any CPU.ActiveCfg = Release|Any CPU
		{5C144C61-1E07-4F45-9F2C-6846100EAD82}.Release|Any CPU.Build.0 = Release|Any CPU
		{6314810B-AF5C-4909-A46C-1CE270CCFA97}.Debug|Any CPU.ActiveCfg = Debug|Any CPU
		{6314810B-AF5C-4909-A46C-1CE270CCFA97}.Debug|Any CPU.Build.0 = Debug|Any CPU
		{6314810B-AF5C-4909-A46C-1CE270CCFA97}.Release|Any CPU.ActiveCfg = Release|Any CPU
		{6314810B-AF5C-4909-A46C-1CE270CCFA97}.Release|Any CPU.Build.0 = Release|Any CPU
	EndGlobalSection
	GlobalSection(SolutionProperties) = preSolution
		HideSolutionNode = FALSE
	EndGlobalSection
	GlobalSection(NestedProjects) = preSolution
		{882C72D5-9A04-4EDE-BC6D-BA9294D4DCF5} = {A2BB4025-F9F4-4D4D-829B-90780274BE24}
		{D41990DD-CF7A-4C22-AE02-81DAC073D35C} = {A2BB4025-F9F4-4D4D-829B-90780274BE24}
		{47BA8FB7-9BA5-4B91-9D7B-D6BA2758B630} = {279A2391-B557-43A1-B086-18658D11EB3C}
		{E1C67891-C1C8-4E8E-B747-4E191436360E} = {279A2391-B557-43A1-B086-18658D11EB3C}
		{5C144C61-1E07-4F45-9F2C-6846100EAD82} = {59141E9B-CBBB-4C0B-BC32-1BB0B2B7D571}
		{6314810B-AF5C-4909-A46C-1CE270CCFA97} = {59141E9B-CBBB-4C0B-BC32-1BB0B2B7D571}
	EndGlobalSection
	GlobalSection(ExtensibilityGlobals) = postSolution
		SolutionGuid = {C636CE0F-4C46-4C58-9B14-80371803CEEE}
	EndGlobalSection
EndGlobal
